
Microsoft Visual Studio Solution File, Format Version 12.00
# Visual Studio Version 16
VisualStudioVersion = 16.0.30011.22
MinimumVisualStudioVersion = 10.0.40219.1
Project("{FAE04EC0-301F-11D3-BF4B-00C04F79EFBC}") = "BuisnesLogic", "BuisnesLogic\BuisnesLogic.csproj", "{87B9D62E-030B-47CD-A109-DF5F5306B889}"
EndProject
Project("{FAE04EC0-301F-11D3-BF4B-00C04F79EFBC}") = "DTO", "DTO\DTO.csproj", "{CF6E0613-3939-41FD-826A-D4FB4961DFBD}"
EndProject
Project("{FAE04EC0-301F-11D3-BF4B-00C04F79EFBC}") = "DAL", "DAL\DAL.csproj", "{CBF934AA-EF0C-41D6-8A2A-6FFA2AEF6F47}"
EndProject
Project("{FAE04EC0-301F-11D3-BF4B-00C04F79EFBC}") = "DalNeo4j", "DalNeo4j\DalNeo4j.csproj", "{D784E258-6399-4CF0-A0E2-5652D043962C}"
EndProject
Project("{FAE04EC0-301F-11D3-BF4B-00C04F79EFBC}") = "DTONeo4j", "DTONeo4j\DTONeo4j.csproj", "{36398CD6-E2D1-4A9A-9D75-315672F790F0}"
EndProject
Project("{FAE04EC0-301F-11D3-BF4B-00C04F79EFBC}") = "ConsoleTester", "ConsoleTester\ConsoleTester.csproj", "{0328E99C-C495-4258-8716-7488C7246BCD}"
EndProject
Project("{FAE04EC0-301F-11D3-BF4B-00C04F79EFBC}") = "WebSocialNetwork", "WebSocialNetwork\WebSocialNetwork.csproj", "{3655C6AD-14ED-45F1-8AAB-CA05D822D131}"
EndProject
Project("{FAE04EC0-301F-11D3-BF4B-00C04F79EFBC}") = "DalCassandra", "DalCassandra\DalCassandra.csproj", "{B25375A8-BD15-429D-9036-F57725708BA2}"
EndProject
Project("{FAE04EC0-301F-11D3-BF4B-00C04F79EFBC}") = "DTOCassandra", "DTOCassandra\DTOCassandra.csproj", "{181D7471-8FF9-4668-879D-91C7E501A0B8}"
EndProject
Project("{FAE04EC0-301F-11D3-BF4B-00C04F79EFBC}") = "ConsoleForTests", "ConsoleForTests\ConsoleForTests.csproj", "{FB45E516-F808-46B1-894B-D97925D27134}"
EndProject
Project("{2150E333-8FDC-42A3-9474-1A3956D46DE8}") = "Redis", "Redis", "{F81E207B-F3B0-4E54-80F0-4A2145DB82F7}"
EndProject
Project("{2150E333-8FDC-42A3-9474-1A3956D46DE8}") = "Cassandra", "Cassandra", "{09660852-9251-4F72-A3EC-76A6786665FD}"
EndProject
Project("{2150E333-8FDC-42A3-9474-1A3956D46DE8}") = "Mongo", "Mongo", "{EB80062B-9C02-47D1-B007-B0A36F2735FE}"
EndProject
Project("{2150E333-8FDC-42A3-9474-1A3956D46DE8}") = "Neo4j", "Neo4j", "{AD3738BB-14C1-422C-BD9F-498676FB2FF8}"
EndProject
Project("{FAE04EC0-301F-11D3-BF4B-00C04F79EFBC}") = "DalRedis", "DalRedis\DalRedis.csproj", "{090E0D7C-58DB-45AA-B1C3-E7C666FAB478}"
EndProject
Project("{FAE04EC0-301F-11D3-BF4B-00C04F79EFBC}") = "DTORedis", "DTORedis\DTORedis.csproj", "{A08445AD-ED66-42F6-97A4-166408893BB6}"
EndProject
Global
	GlobalSection(SolutionConfigurationPlatforms) = preSolution
		Debug|Any CPU = Debug|Any CPU
		Release|Any CPU = Release|Any CPU
	EndGlobalSection
	GlobalSection(ProjectConfigurationPlatforms) = postSolution
		{87B9D62E-030B-47CD-A109-DF5F5306B889}.Debug|Any CPU.ActiveCfg = Debug|Any CPU
		{87B9D62E-030B-47CD-A109-DF5F5306B889}.Debug|Any CPU.Build.0 = Debug|Any CPU
		{87B9D62E-030B-47CD-A109-DF5F5306B889}.Release|Any CPU.ActiveCfg = Release|Any CPU
		{87B9D62E-030B-47CD-A109-DF5F5306B889}.Release|Any CPU.Build.0 = Release|Any CPU
		{CF6E0613-3939-41FD-826A-D4FB4961DFBD}.Debug|Any CPU.ActiveCfg = Debug|Any CPU
		{CF6E0613-3939-41FD-826A-D4FB4961DFBD}.Debug|Any CPU.Build.0 = Debug|Any CPU
		{CF6E0613-3939-41FD-826A-D4FB4961DFBD}.Release|Any CPU.ActiveCfg = Release|Any CPU
		{CF6E0613-3939-41FD-826A-D4FB4961DFBD}.Release|Any CPU.Build.0 = Release|Any CPU
		{CBF934AA-EF0C-41D6-8A2A-6FFA2AEF6F47}.Debug|Any CPU.ActiveCfg = Debug|Any CPU
		{CBF934AA-EF0C-41D6-8A2A-6FFA2AEF6F47}.Debug|Any CPU.Build.0 = Debug|Any CPU
		{CBF934AA-EF0C-41D6-8A2A-6FFA2AEF6F47}.Release|Any CPU.ActiveCfg = Release|Any CPU
		{CBF934AA-EF0C-41D6-8A2A-6FFA2AEF6F47}.Release|Any CPU.Build.0 = Release|Any CPU
		{D784E258-6399-4CF0-A0E2-5652D043962C}.Debug|Any CPU.ActiveCfg = Debug|Any CPU
		{D784E258-6399-4CF0-A0E2-5652D043962C}.Debug|Any CPU.Build.0 = Debug|Any CPU
		{D784E258-6399-4CF0-A0E2-5652D043962C}.Release|Any CPU.ActiveCfg = Release|Any CPU
		{D784E258-6399-4CF0-A0E2-5652D043962C}.Release|Any CPU.Build.0 = Release|Any CPU
		{36398CD6-E2D1-4A9A-9D75-315672F790F0}.Debug|Any CPU.ActiveCfg = Debug|Any CPU
		{36398CD6-E2D1-4A9A-9D75-315672F790F0}.Debug|Any CPU.Build.0 = Debug|Any CPU
		{36398CD6-E2D1-4A9A-9D75-315672F790F0}.Release|Any CPU.ActiveCfg = Release|Any CPU
		{36398CD6-E2D1-4A9A-9D75-315672F790F0}.Release|Any CPU.Build.0 = Release|Any CPU
		{0328E99C-C495-4258-8716-7488C7246BCD}.Debug|Any CPU.ActiveCfg = Debug|Any CPU
		{0328E99C-C495-4258-8716-7488C7246BCD}.Debug|Any CPU.Build.0 = Debug|Any CPU
		{0328E99C-C495-4258-8716-7488C7246BCD}.Release|Any CPU.ActiveCfg = Release|Any CPU
		{0328E99C-C495-4258-8716-7488C7246BCD}.Release|Any CPU.Build.0 = Release|Any CPU
		{3655C6AD-14ED-45F1-8AAB-CA05D822D131}.Debug|Any CPU.ActiveCfg = Debug|Any CPU
		{3655C6AD-14ED-45F1-8AAB-CA05D822D131}.Debug|Any CPU.Build.0 = Debug|Any CPU
		{3655C6AD-14ED-45F1-8AAB-CA05D822D131}.Release|Any CPU.ActiveCfg = Release|Any CPU
		{3655C6AD-14ED-45F1-8AAB-CA05D822D131}.Release|Any CPU.Build.0 = Release|Any CPU
		{B25375A8-BD15-429D-9036-F57725708BA2}.Debug|Any CPU.ActiveCfg = Debug|Any CPU
		{B25375A8-BD15-429D-9036-F57725708BA2}.Debug|Any CPU.Build.0 = Debug|Any CPU
		{B25375A8-BD15-429D-9036-F57725708BA2}.Release|Any CPU.ActiveCfg = Release|Any CPU
		{B25375A8-BD15-429D-9036-F57725708BA2}.Release|Any CPU.Build.0 = Release|Any CPU
		{181D7471-8FF9-4668-879D-91C7E501A0B8}.Debug|Any CPU.ActiveCfg = Debug|Any CPU
		{181D7471-8FF9-4668-879D-91C7E501A0B8}.Debug|Any CPU.Build.0 = Debug|Any CPU
		{181D7471-8FF9-4668-879D-91C7E501A0B8}.Release|Any CPU.ActiveCfg = Release|Any CPU
		{181D7471-8FF9-4668-879D-91C7E501A0B8}.Release|Any CPU.Build.0 = Release|Any CPU
		{FB45E516-F808-46B1-894B-D97925D27134}.Debug|Any CPU.ActiveCfg = Debug|Any CPU
		{FB45E516-F808-46B1-894B-D97925D27134}.Debug|Any CPU.Build.0 = Debug|Any CPU
		{FB45E516-F808-46B1-894B-D97925D27134}.Release|Any CPU.ActiveCfg = Release|Any CPU
		{FB45E516-F808-46B1-894B-D97925D27134}.Release|Any CPU.Build.0 = Release|Any CPU
		{090E0D7C-58DB-45AA-B1C3-E7C666FAB478}.Debug|Any CPU.ActiveCfg = Debug|Any CPU
		{090E0D7C-58DB-45AA-B1C3-E7C666FAB478}.Debug|Any CPU.Build.0 = Debug|Any CPU
		{090E0D7C-58DB-45AA-B1C3-E7C666FAB478}.Release|Any CPU.ActiveCfg = Release|Any CPU
		{090E0D7C-58DB-45AA-B1C3-E7C666FAB478}.Release|Any CPU.Build.0 = Release|Any CPU
		{A08445AD-ED66-42F6-97A4-166408893BB6}.Debug|Any CPU.ActiveCfg = Debug|Any CPU
		{A08445AD-ED66-42F6-97A4-166408893BB6}.Debug|Any CPU.Build.0 = Debug|Any CPU
		{A08445AD-ED66-42F6-97A4-166408893BB6}.Release|Any CPU.ActiveCfg = Release|Any CPU
		{A08445AD-ED66-42F6-97A4-166408893BB6}.Release|Any CPU.Build.0 = Release|Any CPU
	EndGlobalSection
	GlobalSection(SolutionProperties) = preSolution
		HideSolutionNode = FALSE
	EndGlobalSection
	GlobalSection(NestedProjects) = preSolution
		{CF6E0613-3939-41FD-826A-D4FB4961DFBD} = {EB80062B-9C02-47D1-B007-B0A36F2735FE}
		{CBF934AA-EF0C-41D6-8A2A-6FFA2AEF6F47} = {EB80062B-9C02-47D1-B007-B0A36F2735FE}
		{D784E258-6399-4CF0-A0E2-5652D043962C} = {AD3738BB-14C1-422C-BD9F-498676FB2FF8}
		{36398CD6-E2D1-4A9A-9D75-315672F790F0} = {AD3738BB-14C1-422C-BD9F-498676FB2FF8}
		{B25375A8-BD15-429D-9036-F57725708BA2} = {09660852-9251-4F72-A3EC-76A6786665FD}
		{181D7471-8FF9-4668-879D-91C7E501A0B8} = {09660852-9251-4F72-A3EC-76A6786665FD}
		{090E0D7C-58DB-45AA-B1C3-E7C666FAB478} = {F81E207B-F3B0-4E54-80F0-4A2145DB82F7}
		{A08445AD-ED66-42F6-97A4-166408893BB6} = {F81E207B-F3B0-4E54-80F0-4A2145DB82F7}
	EndGlobalSection
	GlobalSection(ExtensibilityGlobals) = postSolution
		SolutionGuid = {94AB1243-D014-45DF-9468-17876BBF0B8F}
	EndGlobalSection
EndGlobal
